{
  "name": "myapp",
  "version": "1.0.0",
  "lockfileVersion": 3,
  "requires": true,
  "packages": {
    "": {
      "name": "myapp",
      "version": "1.0.0",
      "license": "ISC",
      "dependencies": {
        "@andersonnascimentoafsn/fluentsql": "^2.0.0"
      }
    },
    "node_modules/@andersonnascimentoafsn/fluentsql": {
      "version": "2.0.0",
      "resolved": "https://registry.npmjs.org/@andersonnascimentoafsn/fluentsql/-/fluentsql-2.0.0.tgz",
      "integrity": "sha512-REFJ7yPLLrfqajAqotmd2rEVgiwBrqdnc0A09jw8svvocK+iKCrtAl0+TJUHz+CSu4FBg6ouxLRPdsrshTBjLA=="
    }
  }
}
